// !$*UTF8*$!
{
	archiveVersion = 1;
	classes = {
	};
	objectVersion = 50;
	objects = {

/* Begin PBXBuildFile section */
		110C5DE920DDC017007D85FB /* UserDefaults+Extension.swift in Sources */ = {isa = PBXBuildFile; fileRef = 110C5DE820DDC017007D85FB /* UserDefaults+Extension.swift */; };
		110C5DEB20DDDCEF007D85FB /* MainTabBar+Extension.swift in Sources */ = {isa = PBXBuildFile; fileRef = 110C5DEA20DDDCEF007D85FB /* MainTabBar+Extension.swift */; };
		111BE6A020CC58AC00AD0DFB /* StrainsFoldingCell.swift in Sources */ = {isa = PBXBuildFile; fileRef = 111BE69F20CC58AC00AD0DFB /* StrainsFoldingCell.swift */; };
		111BE6A220CC72DF00AD0DFB /* StrainsViewController+Extension.swift in Sources */ = {isa = PBXBuildFile; fileRef = 111BE6A120CC72DF00AD0DFB /* StrainsViewController+Extension.swift */; };
		111D428E20E09D5D00F460C9 /* HashCell.swift in Sources */ = {isa = PBXBuildFile; fileRef = 111D428D20E09D5D00F460C9 /* HashCell.swift */; };
		113125F620CEE6330073E04B /* TableView+Animation+Extension.swift in Sources */ = {isa = PBXBuildFile; fileRef = 113125F520CEE6330073E04B /* TableView+Animation+Extension.swift */; };
		11349C4320C86208008CB439 /* AppDelegate.swift in Sources */ = {isa = PBXBuildFile; fileRef = 11349C4220C86208008CB439 /* AppDelegate.swift */; };
		11349C4520C86208008CB439 /* MainTabBarController.swift in Sources */ = {isa = PBXBuildFile; fileRef = 11349C4420C86208008CB439 /* MainTabBarController.swift */; };
		11349C4820C86208008CB439 /* Main.storyboard in Resources */ = {isa = PBXBuildFile; fileRef = 11349C4620C86208008CB439 /* Main.storyboard */; };
		11349C4A20C86209008CB439 /* Assets.xcassets in Resources */ = {isa = PBXBuildFile; fileRef = 11349C4920C86209008CB439 /* Assets.xcassets */; };
		11349C4D20C86209008CB439 /* LaunchScreen.storyboard in Resources */ = {isa = PBXBuildFile; fileRef = 11349C4B20C86209008CB439 /* LaunchScreen.storyboard */; };
		11349C5620C867D0008CB439 /* HomeViewController.swift in Sources */ = {isa = PBXBuildFile; fileRef = 11349C5520C867D0008CB439 /* HomeViewController.swift */; };
		11349C5A20C89557008CB439 /* Anchor+Extension.swift in Sources */ = {isa = PBXBuildFile; fileRef = 11349C5920C89557008CB439 /* Anchor+Extension.swift */; };
		11349C6120C8D095008CB439 /* Product.swift in Sources */ = {isa = PBXBuildFile; fileRef = 11349C6020C8D095008CB439 /* Product.swift */; };
		1147747320CB3EFA005BF2EB /* ProductsTableViewController.swift in Sources */ = {isa = PBXBuildFile; fileRef = 1147747220CB3EFA005BF2EB /* ProductsTableViewController.swift */; };
		1147747520CB48D5005BF2EB /* ProductsCell.swift in Sources */ = {isa = PBXBuildFile; fileRef = 1147747420CB48D5005BF2EB /* ProductsCell.swift */; };
		1147747720CB505D005BF2EB /* ExpandedLabel.swift in Sources */ = {isa = PBXBuildFile; fileRef = 1147747620CB505D005BF2EB /* ExpandedLabel.swift */; };
		1147747A20CB673E005BF2EB /* StrainsViewController.swift in Sources */ = {isa = PBXBuildFile; fileRef = 1147747920CB673E005BF2EB /* StrainsViewController.swift */; };
		1147747D20CB6784005BF2EB /* HashViewController.swift in Sources */ = {isa = PBXBuildFile; fileRef = 1147747C20CB6784005BF2EB /* HashViewController.swift */; };
		1147748020CB67BC005BF2EB /* ExtractsViewController.swift in Sources */ = {isa = PBXBuildFile; fileRef = 1147747F20CB67BC005BF2EB /* ExtractsViewController.swift */; };
		1147748320CB680B005BF2EB /* EdiblesViewController.swift in Sources */ = {isa = PBXBuildFile; fileRef = 1147748220CB680B005BF2EB /* EdiblesViewController.swift */; };
		1147748620CB6844005BF2EB /* ParaphernaliaViewController.swift in Sources */ = {isa = PBXBuildFile; fileRef = 1147748520CB6844005BF2EB /* ParaphernaliaViewController.swift */; };
		11633DEC20C9E86B00C35055 /* ApiService.swift in Sources */ = {isa = PBXBuildFile; fileRef = 11633DEB20C9E86B00C35055 /* ApiService.swift */; };
		11633DEE20CA117700C35055 /* LoadImageFromUrl+Cache+Extension.swift in Sources */ = {isa = PBXBuildFile; fileRef = 11633DED20CA117700C35055 /* LoadImageFromUrl+Cache+Extension.swift */; };
		11842EF320D0BF4C00B925A3 /* Toggle+Extension.swift in Sources */ = {isa = PBXBuildFile; fileRef = 11842EF220D0BF4C00B925A3 /* Toggle+Extension.swift */; };
		11E7FAB820DC0E8E0053B9F7 /* FavoritesCell.swift in Sources */ = {isa = PBXBuildFile; fileRef = 11E7FAB720DC0E8E0053B9F7 /* FavoritesCell.swift */; };
		96092585EC6CA7E6F64A4ACC /* Pods_Haligrove.framework in Frameworks */ = {isa = PBXBuildFile; fileRef = 98E838030C5B9ECC13DC62D8 /* Pods_Haligrove.framework */; };
/* End PBXBuildFile section */

/* Begin PBXFileReference section */
		110C5DE820DDC017007D85FB /* UserDefaults+Extension.swift */ = {isa = PBXFileReference; lastKnownFileType = sourcecode.swift; path = "UserDefaults+Extension.swift"; sourceTree = "<group>"; };
		110C5DEA20DDDCEF007D85FB /* MainTabBar+Extension.swift */ = {isa = PBXFileReference; lastKnownFileType = sourcecode.swift; path = "MainTabBar+Extension.swift"; sourceTree = "<group>"; };
		111BE69F20CC58AC00AD0DFB /* StrainsFoldingCell.swift */ = {isa = PBXFileReference; lastKnownFileType = sourcecode.swift; path = StrainsFoldingCell.swift; sourceTree = "<group>"; };
		111BE6A120CC72DF00AD0DFB /* StrainsViewController+Extension.swift */ = {isa = PBXFileReference; lastKnownFileType = sourcecode.swift; path = "StrainsViewController+Extension.swift"; sourceTree = "<group>"; };
		111D428D20E09D5D00F460C9 /* HashCell.swift */ = {isa = PBXFileReference; lastKnownFileType = sourcecode.swift; path = HashCell.swift; sourceTree = "<group>"; };
		113125F520CEE6330073E04B /* TableView+Animation+Extension.swift */ = {isa = PBXFileReference; lastKnownFileType = sourcecode.swift; path = "TableView+Animation+Extension.swift"; sourceTree = "<group>"; };
		11349C3F20C86208008CB439 /* Haligrove.app */ = {isa = PBXFileReference; explicitFileType = wrapper.application; includeInIndex = 0; path = Haligrove.app; sourceTree = BUILT_PRODUCTS_DIR; };
		11349C4220C86208008CB439 /* AppDelegate.swift */ = {isa = PBXFileReference; lastKnownFileType = sourcecode.swift; path = AppDelegate.swift; sourceTree = "<group>"; };
		11349C4420C86208008CB439 /* MainTabBarController.swift */ = {isa = PBXFileReference; lastKnownFileType = sourcecode.swift; path = MainTabBarController.swift; sourceTree = "<group>"; };
		11349C4720C86208008CB439 /* Base */ = {isa = PBXFileReference; lastKnownFileType = file.storyboard; name = Base; path = Base.lproj/Main.storyboard; sourceTree = "<group>"; };
		11349C4920C86209008CB439 /* Assets.xcassets */ = {isa = PBXFileReference; lastKnownFileType = folder.assetcatalog; path = Assets.xcassets; sourceTree = "<group>"; };
		11349C4C20C86209008CB439 /* Base */ = {isa = PBXFileReference; lastKnownFileType = file.storyboard; name = Base; path = Base.lproj/LaunchScreen.storyboard; sourceTree = "<group>"; };
		11349C4E20C86209008CB439 /* Info.plist */ = {isa = PBXFileReference; lastKnownFileType = text.plist.xml; path = Info.plist; sourceTree = "<group>"; };
		11349C5520C867D0008CB439 /* HomeViewController.swift */ = {isa = PBXFileReference; lastKnownFileType = sourcecode.swift; path = HomeViewController.swift; sourceTree = "<group>"; };
		11349C5920C89557008CB439 /* Anchor+Extension.swift */ = {isa = PBXFileReference; lastKnownFileType = sourcecode.swift; path = "Anchor+Extension.swift"; sourceTree = "<group>"; };
		11349C6020C8D095008CB439 /* Product.swift */ = {isa = PBXFileReference; lastKnownFileType = sourcecode.swift; path = Product.swift; sourceTree = "<group>"; };
		1147747220CB3EFA005BF2EB /* ProductsTableViewController.swift */ = {isa = PBXFileReference; lastKnownFileType = sourcecode.swift; path = ProductsTableViewController.swift; sourceTree = "<group>"; };
		1147747420CB48D5005BF2EB /* ProductsCell.swift */ = {isa = PBXFileReference; lastKnownFileType = sourcecode.swift; path = ProductsCell.swift; sourceTree = "<group>"; };
		1147747620CB505D005BF2EB /* ExpandedLabel.swift */ = {isa = PBXFileReference; lastKnownFileType = sourcecode.swift; path = ExpandedLabel.swift; sourceTree = "<group>"; };
		1147747920CB673E005BF2EB /* StrainsViewController.swift */ = {isa = PBXFileReference; lastKnownFileType = sourcecode.swift; path = StrainsViewController.swift; sourceTree = "<group>"; };
		1147747C20CB6784005BF2EB /* HashViewController.swift */ = {isa = PBXFileReference; lastKnownFileType = sourcecode.swift; path = HashViewController.swift; sourceTree = "<group>"; };
		1147747F20CB67BC005BF2EB /* ExtractsViewController.swift */ = {isa = PBXFileReference; lastKnownFileType = sourcecode.swift; path = ExtractsViewController.swift; sourceTree = "<group>"; };
		1147748220CB680B005BF2EB /* EdiblesViewController.swift */ = {isa = PBXFileReference; lastKnownFileType = sourcecode.swift; path = EdiblesViewController.swift; sourceTree = "<group>"; };
		1147748520CB6844005BF2EB /* ParaphernaliaViewController.swift */ = {isa = PBXFileReference; lastKnownFileType = sourcecode.swift; path = ParaphernaliaViewController.swift; sourceTree = "<group>"; };
		11633DEB20C9E86B00C35055 /* ApiService.swift */ = {isa = PBXFileReference; lastKnownFileType = sourcecode.swift; path = ApiService.swift; sourceTree = "<group>"; };
		11633DED20CA117700C35055 /* LoadImageFromUrl+Cache+Extension.swift */ = {isa = PBXFileReference; lastKnownFileType = sourcecode.swift; path = "LoadImageFromUrl+Cache+Extension.swift"; sourceTree = "<group>"; };
		11842EF220D0BF4C00B925A3 /* Toggle+Extension.swift */ = {isa = PBXFileReference; lastKnownFileType = sourcecode.swift; path = "Toggle+Extension.swift"; sourceTree = "<group>"; };
		11E7FAB720DC0E8E0053B9F7 /* FavoritesCell.swift */ = {isa = PBXFileReference; lastKnownFileType = sourcecode.swift; path = FavoritesCell.swift; sourceTree = "<group>"; };
		98E838030C5B9ECC13DC62D8 /* Pods_Haligrove.framework */ = {isa = PBXFileReference; explicitFileType = wrapper.framework; includeInIndex = 0; path = Pods_Haligrove.framework; sourceTree = BUILT_PRODUCTS_DIR; };
		990CE994EF076436E5B143F2 /* Pods-Haligrove.debug.xcconfig */ = {isa = PBXFileReference; includeInIndex = 1; lastKnownFileType = text.xcconfig; name = "Pods-Haligrove.debug.xcconfig"; path = "Pods/Target Support Files/Pods-Haligrove/Pods-Haligrove.debug.xcconfig"; sourceTree = "<group>"; };
		BB01F4D4AFA9F43A3DFFE875 /* Pods-Haligrove.release.xcconfig */ = {isa = PBXFileReference; includeInIndex = 1; lastKnownFileType = text.xcconfig; name = "Pods-Haligrove.release.xcconfig"; path = "Pods/Target Support Files/Pods-Haligrove/Pods-Haligrove.release.xcconfig"; sourceTree = "<group>"; };
/* End PBXFileReference section */

/* Begin PBXFrameworksBuildPhase section */
		11349C3C20C86208008CB439 /* Frameworks */ = {
			isa = PBXFrameworksBuildPhase;
			buildActionMask = 2147483647;
			files = (
				96092585EC6CA7E6F64A4ACC /* Pods_Haligrove.framework in Frameworks */,
			);
			runOnlyForDeploymentPostprocessing = 0;
		};
/* End PBXFrameworksBuildPhase section */

/* Begin PBXGroup section */
		11349C3620C86208008CB439 = {
			isa = PBXGroup;
			children = (
				11349C4120C86208008CB439 /* Haligrove */,
				11349C4020C86208008CB439 /* Products */,
				8A3C8318FE634D60B61A6693 /* Pods */,
				DB9872D7F0A5F31A627E479B /* Frameworks */,
			);
			sourceTree = "<group>";
		};
		11349C4020C86208008CB439 /* Products */ = {
			isa = PBXGroup;
			children = (
				11349C3F20C86208008CB439 /* Haligrove.app */,
			);
			name = Products;
			sourceTree = "<group>";
		};
		11349C4120C86208008CB439 /* Haligrove */ = {
			isa = PBXGroup;
			children = (
				11349C4420C86208008CB439 /* MainTabBarController.swift */,
				11349C5820C894F2008CB439 /* Home */,
				1155E9B120CAFF6D0018CBF9 /* Products */,
				11349C5F20C8D078008CB439 /* Models */,
				11633DEA20C9E7FF00C35055 /* NetworkLayer */,
				11349C5720C894D4008CB439 /* Helpers */,
				11349C5420C86637008CB439 /* SupportingFiles */,
			);
			path = Haligrove;
			sourceTree = "<group>";
		};
		11349C5420C86637008CB439 /* SupportingFiles */ = {
			isa = PBXGroup;
			children = (
				11349C4220C86208008CB439 /* AppDelegate.swift */,
				11349C4920C86209008CB439 /* Assets.xcassets */,
				11349C4620C86208008CB439 /* Main.storyboard */,
				11349C4B20C86209008CB439 /* LaunchScreen.storyboard */,
				11349C4E20C86209008CB439 /* Info.plist */,
			);
			path = SupportingFiles;
			sourceTree = "<group>";
		};
		11349C5720C894D4008CB439 /* Helpers */ = {
			isa = PBXGroup;
			children = (
				11349C5920C89557008CB439 /* Anchor+Extension.swift */,
				11633DED20CA117700C35055 /* LoadImageFromUrl+Cache+Extension.swift */,
				111BE6A120CC72DF00AD0DFB /* StrainsViewController+Extension.swift */,
				113125F520CEE6330073E04B /* TableView+Animation+Extension.swift */,
				11842EF220D0BF4C00B925A3 /* Toggle+Extension.swift */,
				110C5DE820DDC017007D85FB /* UserDefaults+Extension.swift */,
				110C5DEA20DDDCEF007D85FB /* MainTabBar+Extension.swift */,
			);
			path = Helpers;
			sourceTree = "<group>";
		};
		11349C5820C894F2008CB439 /* Home */ = {
			isa = PBXGroup;
			children = (
				11349C5520C867D0008CB439 /* HomeViewController.swift */,
				11E7FAB720DC0E8E0053B9F7 /* FavoritesCell.swift */,
			);
			path = Home;
			sourceTree = "<group>";
		};
		11349C5F20C8D078008CB439 /* Models */ = {
			isa = PBXGroup;
			children = (
				11349C6020C8D095008CB439 /* Product.swift */,
			);
			path = Models;
			sourceTree = "<group>";
		};
		1147747820CB671A005BF2EB /* Strains */ = {
			isa = PBXGroup;
			children = (
				1147747920CB673E005BF2EB /* StrainsViewController.swift */,
				111BE69F20CC58AC00AD0DFB /* StrainsFoldingCell.swift */,
			);
			path = Strains;
			sourceTree = "<group>";
		};
		1147747B20CB6772005BF2EB /* Hash */ = {
			isa = PBXGroup;
			children = (
				1147747C20CB6784005BF2EB /* HashViewController.swift */,
				111D428D20E09D5D00F460C9 /* HashCell.swift */,
			);
			path = Hash;
			sourceTree = "<group>";
		};
		1147747E20CB67A1005BF2EB /* Extracts */ = {
			isa = PBXGroup;
			children = (
				1147747F20CB67BC005BF2EB /* ExtractsViewController.swift */,
			);
			path = Extracts;
			sourceTree = "<group>";
		};
		1147748120CB67F2005BF2EB /* Edibles */ = {
			isa = PBXGroup;
			children = (
				1147748220CB680B005BF2EB /* EdiblesViewController.swift */,
			);
			path = Edibles;
			sourceTree = "<group>";
		};
		1147748420CB6820005BF2EB /* Paraphernalia */ = {
			isa = PBXGroup;
			children = (
				1147748520CB6844005BF2EB /* ParaphernaliaViewController.swift */,
			);
			path = Paraphernalia;
			sourceTree = "<group>";
		};
		1155E9B120CAFF6D0018CBF9 /* Products */ = {
			isa = PBXGroup;
			children = (
				1147747820CB671A005BF2EB /* Strains */,
				1147747B20CB6772005BF2EB /* Hash */,
				1147747E20CB67A1005BF2EB /* Extracts */,
				1147748120CB67F2005BF2EB /* Edibles */,
				1147748420CB6820005BF2EB /* Paraphernalia */,
				1147747220CB3EFA005BF2EB /* ProductsTableViewController.swift */,
				1147747420CB48D5005BF2EB /* ProductsCell.swift */,
				1147747620CB505D005BF2EB /* ExpandedLabel.swift */,
			);
			path = Products;
			sourceTree = "<group>";
		};
		11633DEA20C9E7FF00C35055 /* NetworkLayer */ = {
			isa = PBXGroup;
			children = (
				11633DEB20C9E86B00C35055 /* ApiService.swift */,
			);
			path = NetworkLayer;
			sourceTree = "<group>";
		};
		8A3C8318FE634D60B61A6693 /* Pods */ = {
			isa = PBXGroup;
			children = (
				990CE994EF076436E5B143F2 /* Pods-Haligrove.debug.xcconfig */,
				BB01F4D4AFA9F43A3DFFE875 /* Pods-Haligrove.release.xcconfig */,
			);
			name = Pods;
			sourceTree = "<group>";
		};
		DB9872D7F0A5F31A627E479B /* Frameworks */ = {
			isa = PBXGroup;
			children = (
				98E838030C5B9ECC13DC62D8 /* Pods_Haligrove.framework */,
			);
			name = Frameworks;
			sourceTree = "<group>";
		};
/* End PBXGroup section */

/* Begin PBXNativeTarget section */
		11349C3E20C86208008CB439 /* Haligrove */ = {
			isa = PBXNativeTarget;
			buildConfigurationList = 11349C5120C86209008CB439 /* Build configuration list for PBXNativeTarget "Haligrove" */;
			buildPhases = (
				DB15CBFDF2254B8D8186C0B2 /* [CP] Check Pods Manifest.lock */,
				11349C3B20C86208008CB439 /* Sources */,
				11349C3C20C86208008CB439 /* Frameworks */,
				11349C3D20C86208008CB439 /* Resources */,
				62AF6C184999F705B53B273C /* [CP] Embed Pods Frameworks */,
			);
			buildRules = (
			);
			dependencies = (
			);
			name = Haligrove;
			productName = Haligrove;
			productReference = 11349C3F20C86208008CB439 /* Haligrove.app */;
			productType = "com.apple.product-type.application";
		};
/* End PBXNativeTarget section */

/* Begin PBXProject section */
		11349C3720C86208008CB439 /* Project object */ = {
			isa = PBXProject;
			attributes = {
				LastSwiftUpdateCheck = 0940;
				LastUpgradeCheck = 0940;
				ORGANIZATIONNAME = "Phillip Carlino";
				TargetAttributes = {
					11349C3E20C86208008CB439 = {
						CreatedOnToolsVersion = 9.4;
					};
				};
			};
			buildConfigurationList = 11349C3A20C86208008CB439 /* Build configuration list for PBXProject "Haligrove" */;
			compatibilityVersion = "Xcode 9.3";
			developmentRegion = en;
			hasScannedForEncodings = 0;
			knownRegions = (
				en,
				Base,
			);
			mainGroup = 11349C3620C86208008CB439;
			productRefGroup = 11349C4020C86208008CB439 /* Products */;
			projectDirPath = "";
			projectRoot = "";
			targets = (
				11349C3E20C86208008CB439 /* Haligrove */,
			);
		};
/* End PBXProject section */

/* Begin PBXResourcesBuildPhase section */
		11349C3D20C86208008CB439 /* Resources */ = {
			isa = PBXResourcesBuildPhase;
			buildActionMask = 2147483647;
			files = (
				11349C4D20C86209008CB439 /* LaunchScreen.storyboard in Resources */,
				11349C4A20C86209008CB439 /* Assets.xcassets in Resources */,
				11349C4820C86208008CB439 /* Main.storyboard in Resources */,
			);
			runOnlyForDeploymentPostprocessing = 0;
		};
/* End PBXResourcesBuildPhase section */

/* Begin PBXShellScriptBuildPhase section */
		62AF6C184999F705B53B273C /* [CP] Embed Pods Frameworks */ = {
			isa = PBXShellScriptBuildPhase;
			buildActionMask = 2147483647;
			files = (
			);
			inputPaths = (
				"${SRCROOT}/Pods/Target Support Files/Pods-Haligrove/Pods-Haligrove-frameworks.sh",
				"${BUILT_PRODUCTS_DIR}/EasyPeasy/EasyPeasy.framework",
				"${BUILT_PRODUCTS_DIR}/FoldingCell/FoldingCell.framework",
				"${BUILT_PRODUCTS_DIR}/GTMSessionFetcher/GTMSessionFetcher.framework",
				"${BUILT_PRODUCTS_DIR}/GoogleToolboxForMac/GoogleToolboxForMac.framework",
				"${BUILT_PRODUCTS_DIR}/leveldb-library/leveldb.framework",
				"${BUILT_PRODUCTS_DIR}/nanopb/nanopb.framework",
			);
			name = "[CP] Embed Pods Frameworks";
			outputPaths = (
				"${TARGET_BUILD_DIR}/${FRAMEWORKS_FOLDER_PATH}/EasyPeasy.framework",
				"${TARGET_BUILD_DIR}/${FRAMEWORKS_FOLDER_PATH}/FoldingCell.framework",
				"${TARGET_BUILD_DIR}/${FRAMEWORKS_FOLDER_PATH}/GTMSessionFetcher.framework",
				"${TARGET_BUILD_DIR}/${FRAMEWORKS_FOLDER_PATH}/GoogleToolboxForMac.framework",
				"${TARGET_BUILD_DIR}/${FRAMEWORKS_FOLDER_PATH}/leveldb.framework",
				"${TARGET_BUILD_DIR}/${FRAMEWORKS_FOLDER_PATH}/nanopb.framework",
			);
			runOnlyForDeploymentPostprocessing = 0;
			shellPath = /bin/sh;
			shellScript = "\"${SRCROOT}/Pods/Target Support Files/Pods-Haligrove/Pods-Haligrove-frameworks.sh\"\n";
			showEnvVarsInLog = 0;
		};
		DB15CBFDF2254B8D8186C0B2 /* [CP] Check Pods Manifest.lock */ = {
			isa = PBXShellScriptBuildPhase;
			buildActionMask = 2147483647;
			files = (
			);
			inputPaths = (
				"${PODS_PODFILE_DIR_PATH}/Podfile.lock",
				"${PODS_ROOT}/Manifest.lock",
			);
			name = "[CP] Check Pods Manifest.lock";
			outputPaths = (
				"$(DERIVED_FILE_DIR)/Pods-Haligrove-checkManifestLockResult.txt",
			);
			runOnlyForDeploymentPostprocessing = 0;
			shellPath = /bin/sh;
			shellScript = "diff \"${PODS_PODFILE_DIR_PATH}/Podfile.lock\" \"${PODS_ROOT}/Manifest.lock\" > /dev/null\nif [ $? != 0 ] ; then\n    # print error to STDERR\n    echo \"error: The sandbox is not in sync with the Podfile.lock. Run 'pod install' or update your CocoaPods installation.\" >&2\n    exit 1\nfi\n# This output is used by Xcode 'outputs' to avoid re-running this script phase.\necho \"SUCCESS\" > \"${SCRIPT_OUTPUT_FILE_0}\"\n";
			showEnvVarsInLog = 0;
		};
/* End PBXShellScriptBuildPhase section */

/* Begin PBXSourcesBuildPhase section */
		11349C3B20C86208008CB439 /* Sources */ = {
			isa = PBXSourcesBuildPhase;
			buildActionMask = 2147483647;
			files = (
				1147748020CB67BC005BF2EB /* ExtractsViewController.swift in Sources */,
				1147747520CB48D5005BF2EB /* ProductsCell.swift in Sources */,
				11349C4520C86208008CB439 /* MainTabBarController.swift in Sources */,
				1147747D20CB6784005BF2EB /* HashViewController.swift in Sources */,
				11349C6120C8D095008CB439 /* Product.swift in Sources */,
				11349C5A20C89557008CB439 /* Anchor+Extension.swift in Sources */,
				11349C5620C867D0008CB439 /* HomeViewController.swift in Sources */,
				111D428E20E09D5D00F460C9 /* HashCell.swift in Sources */,
				11349C4320C86208008CB439 /* AppDelegate.swift in Sources */,
				1147748620CB6844005BF2EB /* ParaphernaliaViewController.swift in Sources */,
				11633DEE20CA117700C35055 /* LoadImageFromUrl+Cache+Extension.swift in Sources */,
				1147747320CB3EFA005BF2EB /* ProductsTableViewController.swift in Sources */,
				113125F620CEE6330073E04B /* TableView+Animation+Extension.swift in Sources */,
				11842EF320D0BF4C00B925A3 /* Toggle+Extension.swift in Sources */,
				110C5DE920DDC017007D85FB /* UserDefaults+Extension.swift in Sources */,
				110C5DEB20DDDCEF007D85FB /* MainTabBar+Extension.swift in Sources */,
				11E7FAB820DC0E8E0053B9F7 /* FavoritesCell.swift in Sources */,
				11633DEC20C9E86B00C35055 /* ApiService.swift in Sources */,
				1147748320CB680B005BF2EB /* EdiblesViewController.swift in Sources */,
				1147747720CB505D005BF2EB /* ExpandedLabel.swift in Sources */,
				111BE6A020CC58AC00AD0DFB /* StrainsFoldingCell.swift in Sources */,
				1147747A20CB673E005BF2EB /* StrainsViewController.swift in Sources */,
				111BE6A220CC72DF00AD0DFB /* StrainsViewController+Extension.swift in Sources */,
			);
			runOnlyForDeploymentPostprocessing = 0;
		};
/* End PBXSourcesBuildPhase section */

/* Begin PBXVariantGroup section */
		11349C4620C86208008CB439 /* Main.storyboard */ = {
			isa = PBXVariantGroup;
			children = (
				11349C4720C86208008CB439 /* Base */,
			);
			name = Main.storyboard;
			sourceTree = "<group>";
		};
		11349C4B20C86209008CB439 /* LaunchScreen.storyboard */ = {
			isa = PBXVariantGroup;
			children = (
				11349C4C20C86209008CB439 /* Base */,
			);
			name = LaunchScreen.storyboard;
			sourceTree = "<group>";
		};
/* End PBXVariantGroup section */

/* Begin XCBuildConfiguration section */
		11349C4F20C86209008CB439 /* Debug */ = {
			isa = XCBuildConfiguration;
			buildSettings = {
				ALWAYS_SEARCH_USER_PATHS = NO;
				CLANG_ANALYZER_NONNULL = YES;
				CLANG_ANALYZER_NUMBER_OBJECT_CONVERSION = YES_AGGRESSIVE;
				CLANG_CXX_LANGUAGE_STANDARD = "gnu++14";
				CLANG_CXX_LIBRARY = "libc++";
				CLANG_ENABLE_MODULES = YES;
				CLANG_ENABLE_OBJC_ARC = YES;
				CLANG_ENABLE_OBJC_WEAK = YES;
				CLANG_WARN_BLOCK_CAPTURE_AUTORELEASING = YES;
				CLANG_WARN_BOOL_CONVERSION = YES;
				CLANG_WARN_COMMA = YES;
				CLANG_WARN_CONSTANT_CONVERSION = YES;
				CLANG_WARN_DEPRECATED_OBJC_IMPLEMENTATIONS = YES;
				CLANG_WARN_DIRECT_OBJC_ISA_USAGE = YES_ERROR;
				CLANG_WARN_DOCUMENTATION_COMMENTS = YES;
				CLANG_WARN_EMPTY_BODY = YES;
				CLANG_WARN_ENUM_CONVERSION = YES;
				CLANG_WARN_INFINITE_RECURSION = YES;
				CLANG_WARN_INT_CONVERSION = YES;
				CLANG_WARN_NON_LITERAL_NULL_CONVERSION = YES;
				CLANG_WARN_OBJC_IMPLICIT_RETAIN_SELF = YES;
				CLANG_WARN_OBJC_LITERAL_CONVERSION = YES;
				CLANG_WARN_OBJC_ROOT_CLASS = YES_ERROR;
				CLANG_WARN_RANGE_LOOP_ANALYSIS = YES;
				CLANG_WARN_STRICT_PROTOTYPES = YES;
				CLANG_WARN_SUSPICIOUS_MOVE = YES;
				CLANG_WARN_UNGUARDED_AVAILABILITY = YES_AGGRESSIVE;
				CLANG_WARN_UNREACHABLE_CODE = YES;
				CLANG_WARN__DUPLICATE_METHOD_MATCH = YES;
				CODE_SIGN_IDENTITY = "iPhone Developer";
				COPY_PHASE_STRIP = NO;
				DEBUG_INFORMATION_FORMAT = dwarf;
				ENABLE_STRICT_OBJC_MSGSEND = YES;
				ENABLE_TESTABILITY = YES;
				GCC_C_LANGUAGE_STANDARD = gnu11;
				GCC_DYNAMIC_NO_PIC = NO;
				GCC_NO_COMMON_BLOCKS = YES;
				GCC_OPTIMIZATION_LEVEL = 0;
				GCC_PREPROCESSOR_DEFINITIONS = (
					"DEBUG=1",
					"$(inherited)",
				);
				GCC_WARN_64_TO_32_BIT_CONVERSION = YES;
				GCC_WARN_ABOUT_RETURN_TYPE = YES_ERROR;
				GCC_WARN_UNDECLARED_SELECTOR = YES;
				GCC_WARN_UNINITIALIZED_AUTOS = YES_AGGRESSIVE;
				GCC_WARN_UNUSED_FUNCTION = YES;
				GCC_WARN_UNUSED_VARIABLE = YES;
				IPHONEOS_DEPLOYMENT_TARGET = 11.4;
				MTL_ENABLE_DEBUG_INFO = YES;
				ONLY_ACTIVE_ARCH = YES;
				SDKROOT = iphoneos;
				SWIFT_ACTIVE_COMPILATION_CONDITIONS = DEBUG;
				SWIFT_OPTIMIZATION_LEVEL = "-Onone";
			};
			name = Debug;
		};
		11349C5020C86209008CB439 /* Release */ = {
			isa = XCBuildConfiguration;
			buildSettings = {
				ALWAYS_SEARCH_USER_PATHS = NO;
				CLANG_ANALYZER_NONNULL = YES;
				CLANG_ANALYZER_NUMBER_OBJECT_CONVERSION = YES_AGGRESSIVE;
				CLANG_CXX_LANGUAGE_STANDARD = "gnu++14";
				CLANG_CXX_LIBRARY = "libc++";
				CLANG_ENABLE_MODULES = YES;
				CLANG_ENABLE_OBJC_ARC = YES;
				CLANG_ENABLE_OBJC_WEAK = YES;
				CLANG_WARN_BLOCK_CAPTURE_AUTORELEASING = YES;
				CLANG_WARN_BOOL_CONVERSION = YES;
				CLANG_WARN_COMMA = YES;
				CLANG_WARN_CONSTANT_CONVERSION = YES;
				CLANG_WARN_DEPRECATED_OBJC_IMPLEMENTATIONS = YES;
				CLANG_WARN_DIRECT_OBJC_ISA_USAGE = YES_ERROR;
				CLANG_WARN_DOCUMENTATION_COMMENTS = YES;
				CLANG_WARN_EMPTY_BODY = YES;
				CLANG_WARN_ENUM_CONVERSION = YES;
				CLANG_WARN_INFINITE_RECURSION = YES;
				CLANG_WARN_INT_CONVERSION = YES;
				CLANG_WARN_NON_LITERAL_NULL_CONVERSION = YES;
				CLANG_WARN_OBJC_IMPLICIT_RETAIN_SELF = YES;
				CLANG_WARN_OBJC_LITERAL_CONVERSION = YES;
				CLANG_WARN_OBJC_ROOT_CLASS = YES_ERROR;
				CLANG_WARN_RANGE_LOOP_ANALYSIS = YES;
				CLANG_WARN_STRICT_PROTOTYPES = YES;
				CLANG_WARN_SUSPICIOUS_MOVE = YES;
				CLANG_WARN_UNGUARDED_AVAILABILITY = YES_AGGRESSIVE;
				CLANG_WARN_UNREACHABLE_CODE = YES;
				CLANG_WARN__DUPLICATE_METHOD_MATCH = YES;
				CODE_SIGN_IDENTITY = "iPhone Developer";
				COPY_PHASE_STRIP = NO;
				DEBUG_INFORMATION_FORMAT = "dwarf-with-dsym";
				ENABLE_NS_ASSERTIONS = NO;
				ENABLE_STRICT_OBJC_MSGSEND = YES;
				GCC_C_LANGUAGE_STANDARD = gnu11;
				GCC_NO_COMMON_BLOCKS = YES;
				GCC_WARN_64_TO_32_BIT_CONVERSION = YES;
				GCC_WARN_ABOUT_RETURN_TYPE = YES_ERROR;
				GCC_WARN_UNDECLARED_SELECTOR = YES;
				GCC_WARN_UNINITIALIZED_AUTOS = YES_AGGRESSIVE;
				GCC_WARN_UNUSED_FUNCTION = YES;
				GCC_WARN_UNUSED_VARIABLE = YES;
				IPHONEOS_DEPLOYMENT_TARGET = 11.4;
				MTL_ENABLE_DEBUG_INFO = NO;
				SDKROOT = iphoneos;
				SWIFT_COMPILATION_MODE = wholemodule;
				SWIFT_OPTIMIZATION_LEVEL = "-O";
				VALIDATE_PRODUCT = YES;
			};
			name = Release;
		};
		11349C5220C86209008CB439 /* Debug */ = {
			isa = XCBuildConfiguration;
			baseConfigurationReference = 990CE994EF076436E5B143F2 /* Pods-Haligrove.debug.xcconfig */;
			buildSettings = {
				ASSETCATALOG_COMPILER_APPICON_NAME = AppIcon;
				CODE_SIGN_STYLE = Automatic;
				DEVELOPMENT_TEAM = T29WFY4Z2P;
				INFOPLIST_FILE = "$(SRCROOT)/Haligrove/SupportingFiles/Info.plist";
				LD_RUNPATH_SEARCH_PATHS = (
					"$(inherited)",
					"@executable_path/Frameworks",
				);
				PRODUCT_BUNDLE_IDENTIFIER = com.haligrove.Haligrove;
				PRODUCT_NAME = "$(TARGET_NAME)";
				SWIFT_VERSION = 4.0;
				TARGETED_DEVICE_FAMILY = "1,2";
			};
			name = Debug;
		};
		11349C5320C86209008CB439 /* Release */ = {
			isa = XCBuildConfiguration;
			baseConfigurationReference = BB01F4D4AFA9F43A3DFFE875 /* Pods-Haligrove.release.xcconfig */;
			buildSettings = {
				ASSETCATALOG_COMPILER_APPICON_NAME = AppIcon;
				CODE_SIGN_STYLE = Automatic;
				DEVELOPMENT_TEAM = T29WFY4Z2P;
				INFOPLIST_FILE = "$(SRCROOT)/Haligrove/SupportingFiles/Info.plist";
				LD_RUNPATH_SEARCH_PATHS = (
					"$(inherited)",
					"@executable_path/Frameworks",
				);
				PRODUCT_BUNDLE_IDENTIFIER = com.haligrove.Haligrove;
				PRODUCT_NAME = "$(TARGET_NAME)";
				SWIFT_VERSION = 4.0;
				TARGETED_DEVICE_FAMILY = "1,2";
			};
			name = Release;
		};
/* End XCBuildConfiguration section */

/* Begin XCConfigurationList section */
		11349C3A20C86208008CB439 /* Build configuration list for PBXProject "Haligrove" */ = {
			isa = XCConfigurationList;
			buildConfigurations = (
				11349C4F20C86209008CB439 /* Debug */,
				11349C5020C86209008CB439 /* Release */,
			);
			defaultConfigurationIsVisible = 0;
			defaultConfigurationName = Release;
		};
		11349C5120C86209008CB439 /* Build configuration list for PBXNativeTarget "Haligrove" */ = {
			isa = XCConfigurationList;
			buildConfigurations = (
				11349C5220C86209008CB439 /* Debug */,
				11349C5320C86209008CB439 /* Release */,
			);
			defaultConfigurationIsVisible = 0;
			defaultConfigurationName = Release;
		};
/* End XCConfigurationList section */
	};
	rootObject = 11349C3720C86208008CB439 /* Project object */;
}
